
Microsoft Visual Studio Solution File, Format Version 12.00
# Visual Studio Version 17
VisualStudioVersion = 17.1.32210.238
MinimumVisualStudioVersion = 10.0.40219.1
Project("{FAE04EC0-301F-11D3-BF4B-00C04F79EFBC}") = "CSClass", "CSClass\CSClass.csproj", "{D3D4AD64-2A7D-48A5-B038-F73F7E111538}"
EndProject
Global
	GlobalSection(SolutionConfigurationPlatforms) = preSolution
		Debug|Any CPU = Debug|Any CPU
		Release|Any CPU = Release|Any CPU
	EndGlobalSection
	GlobalSection(ProjectConfigurationPlatforms) = postSolution
		{D3D4AD64-2A7D-48A5-B038-F73F7E111538}.Debug|Any CPU.ActiveCfg = Debug|Any CPU
		{D3D4AD64-2A7D-48A5-B038-F73F7E111538}.Debug|Any CPU.Build.0 = Debug|Any CPU
		{D3D4AD64-2A7D-48A5-B038-F73F7E111538}.Release|Any CPU.ActiveCfg = Release|Any CPU
		{D3D4AD64-2A7D-48A5-B038-F73F7E111538}.Release|Any CPU.Build.0 = Release|Any CPU
	EndGlobalSection
	GlobalSection(SolutionProperties) = preSolution
		HideSolutionNode = FALSE
	EndGlobalSection
	GlobalSection(ExtensibilityGlobals) = postSolution
		SolutionGuid = {9137E659-7A45-4E72-BBB7-56F8BD0F88BC}
	EndGlobalSection
EndGlobal
